
Microsoft Visual Studio Solution File, Format Version 12.00
# Visual Studio 15
VisualStudioVersion = 15.0.28010.2050
MinimumVisualStudioVersion = 10.0.40219.1
Project("{FAE04EC0-301F-11D3-BF4B-00C04F79EFBC}") = "Path Grad v3 (Web)", "Path Grad v3 (Web)\Path Grad v3 (Web).csproj", "{E6AF274D-C6EC-4F4F-B35F-FDFA2C8F09C2}"
EndProject
Global
	GlobalSection(SolutionConfigurationPlatforms) = preSolution
		Debug|Any CPU = Debug|Any CPU
		Release|Any CPU = Release|Any CPU
	EndGlobalSection
	GlobalSection(ProjectConfigurationPlatforms) = postSolution
		{E6AF274D-C6EC-4F4F-B35F-FDFA2C8F09C2}.Debug|Any CPU.ActiveCfg = Debug|Any CPU
		{E6AF274D-C6EC-4F4F-B35F-FDFA2C8F09C2}.Debug|Any CPU.Build.0 = Debug|Any CPU
		{E6AF274D-C6EC-4F4F-B35F-FDFA2C8F09C2}.Release|Any CPU.ActiveCfg = Release|Any CPU
		{E6AF274D-C6EC-4F4F-B35F-FDFA2C8F09C2}.Release|Any CPU.Build.0 = Release|Any CPU
	EndGlobalSection
	GlobalSection(SolutionProperties) = preSolution
		HideSolutionNode = FALSE
	EndGlobalSection
	GlobalSection(ExtensibilityGlobals) = postSolution
		SolutionGuid = {1E731B87-0527-4A05-B6BA-14627305D2E8}
	EndGlobalSection
EndGlobal
